
Microsoft Visual Studio Solution File, Format Version 12.00
# Visual Studio 15
VisualStudioVersion = 15.0.27130.2027
MinimumVisualStudioVersion = 10.0.40219.1
Project("{F184B08F-C81C-45F6-A57F-5ABD9991F28F}") = "computer shop", "computer shop\computer shop.vbproj", "{FA1A899A-8C5A-4051-99A9-822C8FF9C391}"
EndProject
Global
	GlobalSection(SolutionConfigurationPlatforms) = preSolution
		Debug|Any CPU = Debug|Any CPU
		Release|Any CPU = Release|Any CPU
	EndGlobalSection
	GlobalSection(ProjectConfigurationPlatforms) = postSolution
		{FA1A899A-8C5A-4051-99A9-822C8FF9C391}.Debug|Any CPU.ActiveCfg = Debug|Any CPU
		{FA1A899A-8C5A-4051-99A9-822C8FF9C391}.Debug|Any CPU.Build.0 = Debug|Any CPU
		{FA1A899A-8C5A-4051-99A9-822C8FF9C391}.Release|Any CPU.ActiveCfg = Release|Any CPU
		{FA1A899A-8C5A-4051-99A9-822C8FF9C391}.Release|Any CPU.Build.0 = Release|Any CPU
	EndGlobalSection
	GlobalSection(SolutionProperties) = preSolution
		HideSolutionNode = FALSE
	EndGlobalSection
	GlobalSection(ExtensibilityGlobals) = postSolution
		SolutionGuid = {168F64C6-24DD-4BE5-9027-892A139BD943}
	EndGlobalSection
EndGlobal
